
Microsoft Visual Studio Solution File, Format Version 12.00
# Visual Studio 15
VisualStudioVersion = 15.0.28307.757
MinimumVisualStudioVersion = 10.0.40219.1
Project("{FAE04EC0-301F-11D3-BF4B-00C04F79EFBC}") = "St_Dogmaels.Android", "St_Dogmaels\St_Dogmaels.Android\St_Dogmaels.Android.csproj", "{24CE3C36-16B9-426D-AA0C-5961ECF8D88C}"
EndProject
Project("{FAE04EC0-301F-11D3-BF4B-00C04F79EFBC}") = "St_Dogmaels.iOS", "St_Dogmaels\St_Dogmaels.iOS\St_Dogmaels.iOS.csproj", "{60B84412-F313-4E70-906B-DB427480D275}"
EndProject
Project("{FAE04EC0-301F-11D3-BF4B-00C04F79EFBC}") = "St_Dogmaels", "St_Dogmaels\St_Dogmaels\St_Dogmaels.csproj", "{4707A43E-B698-4B51-95BA-3471738FF34E}"
EndProject
Global
	GlobalSection(SolutionConfigurationPlatforms) = preSolution
		Debug|Any CPU = Debug|Any CPU
		Debug|iPhone = Debug|iPhone
		Debug|iPhoneSimulator = Debug|iPhoneSimulator
		Release|Any CPU = Release|Any CPU
		Release|iPhone = Release|iPhone
		Release|iPhoneSimulator = Release|iPhoneSimulator
	EndGlobalSection
	GlobalSection(ProjectConfigurationPlatforms) = postSolution
		{24CE3C36-16B9-426D-AA0C-5961ECF8D88C}.Debug|Any CPU.ActiveCfg = Debug|Any CPU
		{24CE3C36-16B9-426D-AA0C-5961ECF8D88C}.Debug|Any CPU.Build.0 = Debug|Any CPU
		{24CE3C36-16B9-426D-AA0C-5961ECF8D88C}.Debug|Any CPU.Deploy.0 = Debug|Any CPU
		{24CE3C36-16B9-426D-AA0C-5961ECF8D88C}.Debug|iPhone.ActiveCfg = Debug|Any CPU
		{24CE3C36-16B9-426D-AA0C-5961ECF8D88C}.Debug|iPhone.Build.0 = Debug|Any CPU
		{24CE3C36-16B9-426D-AA0C-5961ECF8D88C}.Debug|iPhone.Deploy.0 = Debug|Any CPU
		{24CE3C36-16B9-426D-AA0C-5961ECF8D88C}.Debug|iPhoneSimulator.ActiveCfg = Debug|Any CPU
		{24CE3C36-16B9-426D-AA0C-5961ECF8D88C}.Debug|iPhoneSimulator.Build.0 = Debug|Any CPU
		{24CE3C36-16B9-426D-AA0C-5961ECF8D88C}.Debug|iPhoneSimulator.Deploy.0 = Debug|Any CPU
		{24CE3C36-16B9-426D-AA0C-5961ECF8D88C}.Release|Any CPU.ActiveCfg = Release|Any CPU
		{24CE3C36-16B9-426D-AA0C-5961ECF8D88C}.Release|Any CPU.Build.0 = Release|Any CPU
		{24CE3C36-16B9-426D-AA0C-5961ECF8D88C}.Release|Any CPU.Deploy.0 = Release|Any CPU
		{24CE3C36-16B9-426D-AA0C-5961ECF8D88C}.Release|iPhone.ActiveCfg = Release|Any CPU
		{24CE3C36-16B9-426D-AA0C-5961ECF8D88C}.Release|iPhone.Build.0 = Release|Any CPU
		{24CE3C36-16B9-426D-AA0C-5961ECF8D88C}.Release|iPhone.Deploy.0 = Release|Any CPU
		{24CE3C36-16B9-426D-AA0C-5961ECF8D88C}.Release|iPhoneSimulator.ActiveCfg = Release|Any CPU
		{24CE3C36-16B9-426D-AA0C-5961ECF8D88C}.Release|iPhoneSimulator.Build.0 = Release|Any CPU
		{24CE3C36-16B9-426D-AA0C-5961ECF8D88C}.Release|iPhoneSimulator.Deploy.0 = Release|Any CPU
		{60B84412-F313-4E70-906B-DB427480D275}.Debug|Any CPU.ActiveCfg = Debug|iPhoneSimulator
		{60B84412-F313-4E70-906B-DB427480D275}.Debug|Any CPU.Build.0 = Debug|iPhoneSimulator
		{60B84412-F313-4E70-906B-DB427480D275}.Debug|Any CPU.Deploy.0 = Debug|iPhoneSimulator
		{60B84412-F313-4E70-906B-DB427480D275}.Debug|iPhone.ActiveCfg = Debug|iPhone
		{60B84412-F313-4E70-906B-DB427480D275}.Debug|iPhone.Build.0 = Debug|iPhone
		{60B84412-F313-4E70-906B-DB427480D275}.Debug|iPhone.Deploy.0 = Debug|iPhone
		{60B84412-F313-4E70-906B-DB427480D275}.Debug|iPhoneSimulator.ActiveCfg = Debug|iPhoneSimulator
		{60B84412-F313-4E70-906B-DB427480D275}.Debug|iPhoneSimulator.Build.0 = Debug|iPhoneSimulator
		{60B84412-F313-4E70-906B-DB427480D275}.Debug|iPhoneSimulator.Deploy.0 = Debug|iPhoneSimulator
		{60B84412-F313-4E70-906B-DB427480D275}.Release|Any CPU.ActiveCfg = Release|iPhone
		{60B84412-F313-4E70-906B-DB427480D275}.Release|Any CPU.Build.0 = Release|iPhone
		{60B84412-F313-4E70-906B-DB427480D275}.Release|Any CPU.Deploy.0 = Release|iPhone
		{60B84412-F313-4E70-906B-DB427480D275}.Release|iPhone.ActiveCfg = Release|iPhone
		{60B84412-F313-4E70-906B-DB427480D275}.Release|iPhone.Build.0 = Release|iPhone
		{60B84412-F313-4E70-906B-DB427480D275}.Release|iPhone.Deploy.0 = Release|iPhone
		{60B84412-F313-4E70-906B-DB427480D275}.Release|iPhoneSimulator.ActiveCfg = Release|iPhoneSimulator
		{60B84412-F313-4E70-906B-DB427480D275}.Release|iPhoneSimulator.Build.0 = Release|iPhoneSimulator
		{60B84412-F313-4E70-906B-DB427480D275}.Release|iPhoneSimulator.Deploy.0 = Release|iPhoneSimulator
		{4707A43E-B698-4B51-95BA-3471738FF34E}.Debug|Any CPU.ActiveCfg = Debug|Any CPU
		{4707A43E-B698-4B51-95BA-3471738FF34E}.Debug|Any CPU.Build.0 = Debug|Any CPU
		{4707A43E-B698-4B51-95BA-3471738FF34E}.Debug|Any CPU.Deploy.0 = Debug|Any CPU
		{4707A43E-B698-4B51-95BA-3471738FF34E}.Debug|iPhone.ActiveCfg = Debug|Any CPU
		{4707A43E-B698-4B51-95BA-3471738FF34E}.Debug|iPhone.Build.0 = Debug|Any CPU
		{4707A43E-B698-4B51-95BA-3471738FF34E}.Debug|iPhone.Deploy.0 = Debug|Any CPU
		{4707A43E-B698-4B51-95BA-3471738FF34E}.Debug|iPhoneSimulator.ActiveCfg = Debug|Any CPU
		{4707A43E-B698-4B51-95BA-3471738FF34E}.Debug|iPhoneSimulator.Build.0 = Debug|Any CPU
		{4707A43E-B698-4B51-95BA-3471738FF34E}.Debug|iPhoneSimulator.Deploy.0 = Debug|Any CPU
		{4707A43E-B698-4B51-95BA-3471738FF34E}.Release|Any CPU.ActiveCfg = Release|Any CPU
		{4707A43E-B698-4B51-95BA-3471738FF34E}.Release|Any CPU.Build.0 = Release|Any CPU
		{4707A43E-B698-4B51-95BA-3471738FF34E}.Release|Any CPU.Deploy.0 = Release|Any CPU
		{4707A43E-B698-4B51-95BA-3471738FF34E}.Release|iPhone.ActiveCfg = Release|Any CPU
		{4707A43E-B698-4B51-95BA-3471738FF34E}.Release|iPhone.Build.0 = Release|Any CPU
		{4707A43E-B698-4B51-95BA-3471738FF34E}.Release|iPhone.Deploy.0 = Release|Any CPU
		{4707A43E-B698-4B51-95BA-3471738FF34E}.Release|iPhoneSimulator.ActiveCfg = Release|Any CPU
		{4707A43E-B698-4B51-95BA-3471738FF34E}.Release|iPhoneSimulator.Build.0 = Release|Any CPU
		{4707A43E-B698-4B51-95BA-3471738FF34E}.Release|iPhoneSimulator.Deploy.0 = Release|Any CPU
	EndGlobalSection
	GlobalSection(SolutionProperties) = preSolution
		HideSolutionNode = FALSE
	EndGlobalSection
	GlobalSection(ExtensibilityGlobals) = postSolution
		SolutionGuid = {E79DB68F-647C-44F1-B050-835361C2655A}
	EndGlobalSection
EndGlobal
